{
  "name": "action",
  "lockfileVersion": 3,
  "requires": true,
  "packages": {
    "": {
      "dependencies": {
        "@ls-lint/ls-lint": "^2.0.1"
      }
    },
    "node_modules/@ls-lint/ls-lint": {
      "version": "2.0.1",
      "resolved": "https://registry.npmjs.org/@ls-lint/ls-lint/-/ls-lint-2.0.1.tgz",
      "integrity": "sha512-z+sGTPWHQ2nWRj2UsDFSEQDOCw2iIjP2bPU/K1wgLNkWUv7J8WjzoBsZLgUqIgD1Sqi7zpksFTtTymgnUwramA==",
      "cpu": [
        "x64",
        "arm64",
        "s390x"
      ],
      "os": [
        "darwin",
        "linux",
        "win32"
      ],
      "bin": {
        "ls-lint": "bin/cli.js"
      }
    }
  }
}
